7fb1530dd401b412617ceef9e0adbb23e354f1cda872c0cd9386a7a483425c01a90c35670e35ec77012c169f60eadfd75d2374f010024ff242e235123cf70c0e4c891dde8529adb7936917ce88dd759d3d8c2520e887af40c409eee2012f857523b96600cc7a1958dc30b854fe54a4300d369f1ee55f65d0b6dc30b75282bf55829e841dcf9af7ebac93b358df6ba0faf5d15717aaff95d6d72821f9e698172547fe53d9653e52baeabc38cc343c65e379e4742e6559a9d4b29d84e32d191b82a6d54ed89cf6137ec5b4c0a44ec053f5723d545f6227846f4ceb768512b6d86f26517ed0fcc40bb95545310a4a11b79ceec5341d17ed71370375a643acebb2cbcc26bc3083669922e10e4cbbded4322dca661059587a4cf942a43896573db92540268dba92061bb7